
Microsoft Visual Studio Solution File, Format Version 12.00
# Visual Studio Version 17
VisualStudioVersion = 17.6.33723.286
MinimumVisualStudioVersion = 10.0.40219.1
Project("{FAE04EC0-301F-11D3-BF4B-00C04F79EFBC}") = "ProjectMuseum.APIs", "ProjectMuseum.APIs\ProjectMuseum.APIs.csproj", "{AF0A733E-315E-463B-89E3-694B2A2F744C}"
EndProject
Project("{FAE04EC0-301F-11D3-BF4B-00C04F79EFBC}") = "ProjectMuseum.Models", "ProjectMuseum.Models\ProjectMuseum.Models.csproj", "{0B2B7428-F402-4150-83D7-734465696B98}"
EndProject
Project("{FAE04EC0-301F-11D3-BF4B-00C04F79EFBC}") = "ProjectMuseum.DTOs", "ProjectMuseum.DTOs\ProjectMuseum.DTOs.csproj", "{2D152810-416E-46CC-BED5-60E33959DEC4}"
EndProject
Project("{FAE04EC0-301F-11D3-BF4B-00C04F79EFBC}") = "ProjectMuseum.Repositories", "ProjectMuseum.Repositories\ProjectMuseum.Repositories.csproj", "{289729FC-E350-4741-8BCE-78526FDEAD9A}"
EndProject
Project("{FAE04EC0-301F-11D3-BF4B-00C04F79EFBC}") = "ProjectMuseum.Services", "ProjectMuseum.Services\ProjectMuseum.Services.csproj", "{8F454094-7A59-4635-ABD3-952ECB86D107}"
EndProject
Global
	GlobalSection(SolutionConfigurationPlatforms) = preSolution
		Debug|Any CPU = Debug|Any CPU
		Release|Any CPU = Release|Any CPU
	EndGlobalSection
	GlobalSection(ProjectConfigurationPlatforms) = postSolution
		{AF0A733E-315E-463B-89E3-694B2A2F744C}.Debug|Any CPU.ActiveCfg = Debug|Any CPU
		{AF0A733E-315E-463B-89E3-694B2A2F744C}.Debug|Any CPU.Build.0 = Debug|Any CPU
		{AF0A733E-315E-463B-89E3-694B2A2F744C}.Release|Any CPU.ActiveCfg = Release|Any CPU
		{AF0A733E-315E-463B-89E3-694B2A2F744C}.Release|Any CPU.Build.0 = Release|Any CPU
		{0B2B7428-F402-4150-83D7-734465696B98}.Debug|Any CPU.ActiveCfg = Debug|Any CPU
		{0B2B7428-F402-4150-83D7-734465696B98}.Debug|Any CPU.Build.0 = Debug|Any CPU
		{0B2B7428-F402-4150-83D7-734465696B98}.Release|Any CPU.ActiveCfg = Release|Any CPU
		{0B2B7428-F402-4150-83D7-734465696B98}.Release|Any CPU.Build.0 = Release|Any CPU
		{2D152810-416E-46CC-BED5-60E33959DEC4}.Debug|Any CPU.ActiveCfg = Debug|Any CPU
		{2D152810-416E-46CC-BED5-60E33959DEC4}.Debug|Any CPU.Build.0 = Debug|Any CPU
		{2D152810-416E-46CC-BED5-60E33959DEC4}.Release|Any CPU.ActiveCfg = Release|Any CPU
		{2D152810-416E-46CC-BED5-60E33959DEC4}.Release|Any CPU.Build.0 = Release|Any CPU
		{289729FC-E350-4741-8BCE-78526FDEAD9A}.Debug|Any CPU.ActiveCfg = Debug|Any CPU
		{289729FC-E350-4741-8BCE-78526FDEAD9A}.Debug|Any CPU.Build.0 = Debug|Any CPU
		{289729FC-E350-4741-8BCE-78526FDEAD9A}.Release|Any CPU.ActiveCfg = Release|Any CPU
		{289729FC-E350-4741-8BCE-78526FDEAD9A}.Release|Any CPU.Build.0 = Release|Any CPU
		{8F454094-7A59-4635-ABD3-952ECB86D107}.Debug|Any CPU.ActiveCfg = Debug|Any CPU
		{8F454094-7A59-4635-ABD3-952ECB86D107}.Debug|Any CPU.Build.0 = Debug|Any CPU
		{8F454094-7A59-4635-ABD3-952ECB86D107}.Release|Any CPU.ActiveCfg = Release|Any CPU
		{8F454094-7A59-4635-ABD3-952ECB86D107}.Release|Any CPU.Build.0 = Release|Any CPU
	EndGlobalSection
	GlobalSection(SolutionProperties) = preSolution
		HideSolutionNode = FALSE
	EndGlobalSection
	GlobalSection(ExtensibilityGlobals) = postSolution
		SolutionGuid = {FEA75FF9-ABEF-4ABC-A324-338A2835F515}
	EndGlobalSection
EndGlobal
