Microsoft Visual Studio Solution File, Format Version 12.00
# Visual Studio 2012
Project("{FAE04EC0-301F-11D3-BF4B-00C04F79EFBC}") = "Godot4CS.ProjectMuseum", "Godot4CS.ProjectMuseum.csproj", "{4F7BA0E7-F07C-4477-B528-E7EB74D4EA90}"
EndProject
Project("{FAE04EC0-301F-11D3-BF4B-00C04F79EFBC}") = "ProjectMuseum.Models", "..\ASP.NetCore7.ProjectMuseum\ProjectMuseum.Models\ProjectMuseum.Models.csproj", "{EB7DAA24-41CC-484D-9383-CEDF93E70094}"
EndProject
Project("{FAE04EC0-301F-11D3-BF4B-00C04F79EFBC}") = "ProjectMuseum.DTOs", "..\ASP.NetCore7.ProjectMuseum\ProjectMuseum.DTOs\ProjectMuseum.DTOs.csproj", "{5096BD7E-FF62-4CC7-ADC0-96EE50B0D210}"
EndProject
Global
	GlobalSection(SolutionConfigurationPlatforms) = preSolution
	Debug|Any CPU = Debug|Any CPU
	ExportDebug|Any CPU = ExportDebug|Any CPU
	ExportRelease|Any CPU = ExportRelease|Any CPU
	EndGlobalSection
	GlobalSection(ProjectConfigurationPlatforms) = postSolution
		{4F7BA0E7-F07C-4477-B528-E7EB74D4EA90}.Debug|Any CPU.ActiveCfg = Debug|Any CPU
		{4F7BA0E7-F07C-4477-B528-E7EB74D4EA90}.Debug|Any CPU.Build.0 = Debug|Any CPU
		{4F7BA0E7-F07C-4477-B528-E7EB74D4EA90}.ExportDebug|Any CPU.ActiveCfg = ExportDebug|Any CPU
		{4F7BA0E7-F07C-4477-B528-E7EB74D4EA90}.ExportDebug|Any CPU.Build.0 = ExportDebug|Any CPU
		{4F7BA0E7-F07C-4477-B528-E7EB74D4EA90}.ExportRelease|Any CPU.ActiveCfg = ExportRelease|Any CPU
		{4F7BA0E7-F07C-4477-B528-E7EB74D4EA90}.ExportRelease|Any CPU.Build.0 = ExportRelease|Any CPU
		{EB7DAA24-41CC-484D-9383-CEDF93E70094}.Debug|Any CPU.ActiveCfg = Debug|Any CPU
		{EB7DAA24-41CC-484D-9383-CEDF93E70094}.Debug|Any CPU.Build.0 = Debug|Any CPU
		{EB7DAA24-41CC-484D-9383-CEDF93E70094}.ExportDebug|Any CPU.ActiveCfg = Debug|Any CPU
		{EB7DAA24-41CC-484D-9383-CEDF93E70094}.ExportDebug|Any CPU.Build.0 = Debug|Any CPU
		{EB7DAA24-41CC-484D-9383-CEDF93E70094}.ExportRelease|Any CPU.ActiveCfg = Debug|Any CPU
		{EB7DAA24-41CC-484D-9383-CEDF93E70094}.ExportRelease|Any CPU.Build.0 = Debug|Any CPU
		{5096BD7E-FF62-4CC7-ADC0-96EE50B0D210}.Debug|Any CPU.ActiveCfg = Debug|Any CPU
		{5096BD7E-FF62-4CC7-ADC0-96EE50B0D210}.Debug|Any CPU.Build.0 = Debug|Any CPU
		{5096BD7E-FF62-4CC7-ADC0-96EE50B0D210}.ExportDebug|Any CPU.ActiveCfg = Debug|Any CPU
		{5096BD7E-FF62-4CC7-ADC0-96EE50B0D210}.ExportDebug|Any CPU.Build.0 = Debug|Any CPU
		{5096BD7E-FF62-4CC7-ADC0-96EE50B0D210}.ExportRelease|Any CPU.ActiveCfg = Debug|Any CPU
		{5096BD7E-FF62-4CC7-ADC0-96EE50B0D210}.ExportRelease|Any CPU.Build.0 = Debug|Any CPU
	EndGlobalSection
EndGlobal
